// !$*UTF8*$!
{
	archiveVersion = 1;
	classes = {
	};
	objectVersion = 48;
	objects = {

/* Begin PBXBuildFile section */
		02A607ED1F8F13E40036AAC3 /* AppDelegate.swift in Sources */ = {isa = PBXBuildFile; fileRef = 02A607EC1F8F13E40036AAC3 /* AppDelegate.swift */; };
		02A607EF1F8F13E40036AAC3 /* ViewController.swift in Sources */ = {isa = PBXBuildFile; fileRef = 02A607EE1F8F13E40036AAC3 /* ViewController.swift */; };
		02A607F21F8F13E40036AAC3 /* Main.storyboard in Resources */ = {isa = PBXBuildFile; fileRef = 02A607F01F8F13E40036AAC3 /* Main.storyboard */; };
		02A607F41F8F13E40036AAC3 /* Assets.xcassets in Resources */ = {isa = PBXBuildFile; fileRef = 02A607F31F8F13E40036AAC3 /* Assets.xcassets */; };
		02A607F71F8F13E40036AAC3 /* LaunchScreen.storyboard in Resources */ = {isa = PBXBuildFile; fileRef = 02A607F51F8F13E40036AAC3 /* LaunchScreen.storyboard */; };
/* End PBXBuildFile section */

/* Begin PBXFileReference section */
		02A607E91F8F13E40036AAC3 /* HwSProject34.app */ = {isa = PBXFileReference; explicitFileType = wrapper.application; includeInIndex = 0; path = HwSProject34.app; sourceTree = BUILT_PRODUCTS_DIR; };
		02A607EC1F8F13E40036AAC3 /* AppDelegate.swift */ = {isa = PBXFileReference; lastKnownFileType = sourcecode.swift; path = AppDelegate.swift; sourceTree = "<group>"; };
		02A607EE1F8F13E40036AAC3 /* ViewController.swift */ = {isa = PBXFileReference; lastKnownFileType = sourcecode.swift; path = ViewController.swift; sourceTree = "<group>"; };
		02A607F11F8F13E40036AAC3 /* Base */ = {isa = PBXFileReference; lastKnownFileType = file.storyboard; name = Base; path = Base.lproj/Main.storyboard; sourceTree = "<group>"; };
		02A607F31F8F13E40036AAC3 /* Assets.xcassets */ = {isa = PBXFileReference; lastKnownFileType = folder.assetcatalog; path = Assets.xcassets; sourceTree = "<group>"; };
		02A607F61F8F13E40036AAC3 /* Base */ = {isa = PBXFileReference; lastKnownFileType = file.storyboard; name = Base; path = Base.lproj/LaunchScreen.storyboard; sourceTree = "<group>"; };
		02A607F81F8F13E40036AAC3 /* Info.plist */ = {isa = PBXFileReference; lastKnownFileType = text.plist.xml; path = Info.plist; sourceTree = "<group>"; };
/* End PBXFileReference section */

/* Begin PBXFrameworksBuildPhase section */
		02A607E61F8F13E40036AAC3 /* Frameworks */ = {
			isa = PBXFrameworksBuildPhase;
			buildActionMask = 2147483647;
			files = (
			);
			runOnlyForDeploymentPostprocessing = 0;
		};
/* End PBXFrameworksBuildPhase section */

/* Begin PBXGroup section */
		02A607E01F8F13E40036AAC3 = {
			isa = PBXGroup;
			children = (
				02A607EB1F8F13E40036AAC3 /* HwSProject34 */,
				02A607EA1F8F13E40036AAC3 /* Products */,
			);
			sourceTree = "<group>";
		};
		02A607EA1F8F13E40036AAC3 /* Products */ = {
			isa = PBXGroup;
			children = (
				02A607E91F8F13E40036AAC3 /* HwSProject34.app */,
			);
			name = Products;
			sourceTree = "<group>";
		};
		02A607EB1F8F13E40036AAC3 /* HwSProject34 */ = {
			isa = PBXGroup;
			children = (
				02A607EC1F8F13E40036AAC3 /* AppDelegate.swift */,
				02A607EE1F8F13E40036AAC3 /* ViewController.swift */,
				02A607F01F8F13E40036AAC3 /* Main.storyboard */,
				02A607F31F8F13E40036AAC3 /* Assets.xcassets */,
				02A607F51F8F13E40036AAC3 /* LaunchScreen.storyboard */,
				02A607F81F8F13E40036AAC3 /* Info.plist */,
			);
			path = HwSProject34;
			sourceTree = "<group>";
		};
/* End PBXGroup section */

/* Begin PBXNativeTarget section */
		02A607E81F8F13E40036AAC3 /* HwSProject34 */ = {
			isa = PBXNativeTarget;
			buildConfigurationList = 02A607FB1F8F13E40036AAC3 /* Build configuration list for PBXNativeTarget "HwSProject34" */;
			buildPhases = (
				02A607E51F8F13E40036AAC3 /* Sources */,
				02A607E61F8F13E40036AAC3 /* Frameworks */,
				02A607E71F8F13E40036AAC3 /* Resources */,
			);
			buildRules = (
			);
			dependencies = (
			);
			name = HwSProject34;
			productName = HwSProject34;
			productReference = 02A607E91F8F13E40036AAC3 /* HwSProject34.app */;
			productType = "com.apple.product-type.application";
		};
/* End PBXNativeTarget section */

/* Begin PBXProject section */
		02A607E11F8F13E40036AAC3 /* Project object */ = {
			isa = PBXProject;
			attributes = {
				LastSwiftUpdateCheck = 0900;
				LastUpgradeCheck = 0900;
				ORGANIZATIONNAME = "Skyler Svendsen";
				TargetAttributes = {
					02A607E81F8F13E40036AAC3 = {
						CreatedOnToolsVersion = 9.0;
						ProvisioningStyle = Automatic;
					};
				};
			};
			buildConfigurationList = 02A607E41F8F13E40036AAC3 /* Build configuration list for PBXProject "HwSProject34" */;
			compatibilityVersion = "Xcode 8.0";
			developmentRegion = en;
			hasScannedForEncodings = 0;
			knownRegions = (
				en,
				Base,
			);
			mainGroup = 02A607E01F8F13E40036AAC3;
			productRefGroup = 02A607EA1F8F13E40036AAC3 /* Products */;
			projectDirPath = "";
			projectRoot = "";
			targets = (
				02A607E81F8F13E40036AAC3 /* HwSProject34 */,
			);
		};
/* End PBXProject section */

/* Begin PBXResourcesBuildPhase section */
		02A607E71F8F13E40036AAC3 /* Resources */ = {
			isa = PBXResourcesBuildPhase;
			buildActionMask = 2147483647;
			files = (
				02A607F71F8F13E40036AAC3 /* LaunchScreen.storyboard in Resources */,
				02A607F41F8F13E40036AAC3 /* Assets.xcassets in Resources */,
				02A607F21F8F13E40036AAC3 /* Main.storyboard in Resources */,
			);
			runOnlyForDeploymentPostprocessing = 0;
		};
/* End PBXResourcesBuildPhase section */

/* Begin PBXSourcesBuildPhase section */
		02A607E51F8F13E40036AAC3 /* Sources */ = {
			isa = PBXSourcesBuildPhase;
			buildActionMask = 2147483647;
			files = (
				02A607EF1F8F13E40036AAC3 /* ViewController.swift in Sources */,
				02A607ED1F8F13E40036AAC3 /* AppDelegate.swift in Sources */,
			);
			runOnlyForDeploymentPostprocessing = 0;
		};
/* End PBXSourcesBuildPhase section */

/* Begin PBXVariantGroup section */
		02A607F01F8F13E40036AAC3 /* Main.storyboard */ = {
			isa = PBXVariantGroup;
			children = (
				02A607F11F8F13E40036AAC3 /* Base */,
			);
			name = Main.storyboard;
			sourceTree = "<group>";
		};
		02A607F51F8F13E40036AAC3 /* LaunchScreen.storyboard */ = {
			isa = PBXVariantGroup;
			children = (
				02A607F61F8F13E40036AAC3 /* Base */,
			);
			name = LaunchScreen.storyboard;
			sourceTree = "<group>";
		};
/* End PBXVariantGroup section */

/* Begin XCBuildConfiguration section */
		02A607F91F8F13E40036AAC3 /* Debug */ = {
			isa = XCBuildConfiguration;
			buildSettings = {
				ALWAYS_SEARCH_USER_PATHS = NO;
				CLANG_ANALYZER_NONNULL = YES;
				CLANG_ANALYZER_NUMBER_OBJECT_CONVERSION = YES_AGGRESSIVE;
				CLANG_CXX_LANGUAGE_STANDARD = "gnu++14";
				CLANG_CXX_LIBRARY = "libc++";
				CLANG_ENABLE_MODULES = YES;
				CLANG_ENABLE_OBJC_ARC = YES;
				CLANG_WARN_BLOCK_CAPTURE_AUTORELEASING = YES;
				CLANG_WARN_BOOL_CONVERSION = YES;
				CLANG_WARN_COMMA = YES;
				CLANG_WARN_CONSTANT_CONVERSION = YES;
				CLANG_WARN_DIRECT_OBJC_ISA_USAGE = YES_ERROR;
				CLANG_WARN_DOCUMENTATION_COMMENTS = YES;
				CLANG_WARN_EMPTY_BODY = YES;
				CLANG_WARN_ENUM_CONVERSION = YES;
				CLANG_WARN_INFINITE_RECURSION = YES;
				CLANG_WARN_INT_CONVERSION = YES;
				CLANG_WARN_NON_LITERAL_NULL_CONVERSION = YES;
				CLANG_WARN_OBJC_LITERAL_CONVERSION = YES;
				CLANG_WARN_OBJC_ROOT_CLASS = YES_ERROR;
				CLANG_WARN_RANGE_LOOP_ANALYSIS = YES;
				CLANG_WARN_STRICT_PROTOTYPES = YES;
				CLANG_WARN_SUSPICIOUS_MOVE = YES;
				CLANG_WARN_UNGUARDED_AVAILABILITY = YES_AGGRESSIVE;
				CLANG_WARN_UNREACHABLE_CODE = YES;
				CLANG_WARN__DUPLICATE_METHOD_MATCH = YES;
				CODE_SIGN_IDENTITY = "iPhone Developer";
				COPY_PHASE_STRIP = NO;
				DEBUG_INFORMATION_FORMAT = dwarf;
				ENABLE_STRICT_OBJC_MSGSEND = YES;
				ENABLE_TESTABILITY = YES;
				GCC_C_LANGUAGE_STANDARD = gnu11;
				GCC_DYNAMIC_NO_PIC = NO;
				GCC_NO_COMMON_BLOCKS = YES;
				GCC_OPTIMIZATION_LEVEL = 0;
				GCC_PREPROCESSOR_DEFINITIONS = (
					"DEBUG=1",
					"$(inherited)",
				);
				GCC_WARN_64_TO_32_BIT_CONVERSION = YES;
				GCC_WARN_ABOUT_RETURN_TYPE = YES_ERROR;
				GCC_WARN_UNDECLARED_SELECTOR = YES;
				GCC_WARN_UNINITIALIZED_AUTOS = YES_AGGRESSIVE;
				GCC_WARN_UNUSED_FUNCTION = YES;
				GCC_WARN_UNUSED_VARIABLE = YES;
				IPHONEOS_DEPLOYMENT_TARGET = 11.0;
				MTL_ENABLE_DEBUG_INFO = YES;
				ONLY_ACTIVE_ARCH = YES;
				SDKROOT = iphoneos;
				SWIFT_ACTIVE_COMPILATION_CONDITIONS = DEBUG;
				SWIFT_OPTIMIZATION_LEVEL = "-Onone";
			};
			name = Debug;
		};
		02A607FA1F8F13E40036AAC3 /* Release */ = {
			isa = XCBuildConfiguration;
			buildSettings = {
				ALWAYS_SEARCH_USER_PATHS = NO;
				CLANG_ANALYZER_NONNULL = YES;
				CLANG_ANALYZER_NUMBER_OBJECT_CONVERSION = YES_AGGRESSIVE;
				CLANG_CXX_LANGUAGE_STANDARD = "gnu++14";
				CLANG_CXX_LIBRARY = "libc++";
				CLANG_ENABLE_MODULES = YES;
				CLANG_ENABLE_OBJC_ARC = YES;
				CLANG_WARN_BLOCK_CAPTURE_AUTORELEASING = YES;
				CLANG_WARN_BOOL_CONVERSION = YES;
				CLANG_WARN_COMMA = YES;
				CLANG_WARN_CONSTANT_CONVERSION = YES;
				CLANG_WARN_DIRECT_OBJC_ISA_USAGE = YES_ERROR;
				CLANG_WARN_DOCUMENTATION_COMMENTS = YES;
				CLANG_WARN_EMPTY_BODY = YES;
				CLANG_WARN_ENUM_CONVERSION = YES;
				CLANG_WARN_INFINITE_RECURSION = YES;
				CLANG_WARN_INT_CONVERSION = YES;
				CLANG_WARN_NON_LITERAL_NULL_CONVERSION = YES;
				CLANG_WARN_OBJC_LITERAL_CONVERSION = YES;
				CLANG_WARN_OBJC_ROOT_CLASS = YES_ERROR;
				CLANG_WARN_RANGE_LOOP_ANALYSIS = YES;
				CLANG_WARN_STRICT_PROTOTYPES = YES;
				CLANG_WARN_SUSPICIOUS_MOVE = YES;
				CLANG_WARN_UNGUARDED_AVAILABILITY = YES_AGGRESSIVE;
				CLANG_WARN_UNREACHABLE_CODE = YES;
				CLANG_WARN__DUPLICATE_METHOD_MATCH = YES;
				CODE_SIGN_IDENTITY = "iPhone Developer";
				COPY_PHASE_STRIP = NO;
				DEBUG_INFORMATION_FORMAT = "dwarf-with-dsym";
				ENABLE_NS_ASSERTIONS = NO;
				ENABLE_STRICT_OBJC_MSGSEND = YES;
				GCC_C_LANGUAGE_STANDARD = gnu11;
				GCC_NO_COMMON_BLOCKS = YES;
				GCC_WARN_64_TO_32_BIT_CONVERSION = YES;
				GCC_WARN_ABOUT_RETURN_TYPE = YES_ERROR;
				GCC_WARN_UNDECLARED_SELECTOR = YES;
				GCC_WARN_UNINITIALIZED_AUTOS = YES_AGGRESSIVE;
				GCC_WARN_UNUSED_FUNCTION = YES;
				GCC_WARN_UNUSED_VARIABLE = YES;
				IPHONEOS_DEPLOYMENT_TARGET = 11.0;
				MTL_ENABLE_DEBUG_INFO = NO;
				SDKROOT = iphoneos;
				SWIFT_OPTIMIZATION_LEVEL = "-Owholemodule";
				VALIDATE_PRODUCT = YES;
			};
			name = Release;
		};
		02A607FC1F8F13E40036AAC3 /* Debug */ = {
			isa = XCBuildConfiguration;
			buildSettings = {
				ASSETCATALOG_COMPILER_APPICON_NAME = AppIcon;
				CODE_SIGN_STYLE = Automatic;
				DEVELOPMENT_TEAM = XF4U8W5J97;
				INFOPLIST_FILE = HwSProject34/Info.plist;
				LD_RUNPATH_SEARCH_PATHS = "$(inherited) @executable_path/Frameworks";
				PRODUCT_BUNDLE_IDENTIFIER = "Skyler-Svendsen.HwSProject34";
				PRODUCT_NAME = "$(TARGET_NAME)";
				SWIFT_VERSION = 4.0;
				TARGETED_DEVICE_FAMILY = "1,2";
			};
			name = Debug;
		};
		02A607FD1F8F13E40036AAC3 /* Release */ = {
			isa = XCBuildConfiguration;
			buildSettings = {
				ASSETCATALOG_COMPILER_APPICON_NAME = AppIcon;
				CODE_SIGN_STYLE = Automatic;
				DEVELOPMENT_TEAM = XF4U8W5J97;
				INFOPLIST_FILE = HwSProject34/Info.plist;
				LD_RUNPATH_SEARCH_PATHS = "$(inherited) @executable_path/Frameworks";
				PRODUCT_BUNDLE_IDENTIFIER = "Skyler-Svendsen.HwSProject34";
				PRODUCT_NAME = "$(TARGET_NAME)";
				SWIFT_VERSION = 4.0;
				TARGETED_DEVICE_FAMILY = "1,2";
			};
			name = Release;
		};
/* End XCBuildConfiguration section */

/* Begin XCConfigurationList section */
		02A607E41F8F13E40036AAC3 /* Build configuration list for PBXProject "HwSProject34" */ = {
			isa = XCConfigurationList;
			buildConfigurations = (
				02A607F91F8F13E40036AAC3 /* Debug */,
				02A607FA1F8F13E40036AAC3 /* Release */,
			);
			defaultConfigurationIsVisible = 0;
			defaultConfigurationName = Release;
		};
		02A607FB1F8F13E40036AAC3 /* Build configuration list for PBXNativeTarget "HwSProject34" */ = {
			isa = XCConfigurationList;
			buildConfigurations = (
				02A607FC1F8F13E40036AAC3 /* Debug */,
				02A607FD1F8F13E40036AAC3 /* Release */,
			);
			defaultConfigurationIsVisible = 0;
			defaultConfigurationName = Release;
		};
/* End XCConfigurationList section */
	};
	rootObject = 02A607E11F8F13E40036AAC3 /* Project object */;
}
